
Microsoft Visual Studio Solution File, Format Version 12.00
# Visual Studio Version 16
VisualStudioVersion = 16.0.29728.190
MinimumVisualStudioVersion = 10.0.40219.1
Project("{FAE04EC0-301F-11D3-BF4B-00C04F79EFBC}") = "RestaurantLaPashtetDeliverySystem", "RestaurantLaPashtetDeliverySystem\RestaurantLaPashtetDeliverySystem.csproj", "{D2206BF8-E4ED-4FEF-A6E6-EAF7E91A9BFF}"
EndProject
Global
	GlobalSection(SolutionConfigurationPlatforms) = preSolution
		Debug|Any CPU = Debug|Any CPU
		Release|Any CPU = Release|Any CPU
	EndGlobalSection
	GlobalSection(ProjectConfigurationPlatforms) = postSolution
		{D2206BF8-E4ED-4FEF-A6E6-EAF7E91A9BFF}.Debug|Any CPU.ActiveCfg = Debug|Any CPU
		{D2206BF8-E4ED-4FEF-A6E6-EAF7E91A9BFF}.Debug|Any CPU.Build.0 = Debug|Any CPU
		{D2206BF8-E4ED-4FEF-A6E6-EAF7E91A9BFF}.Release|Any CPU.ActiveCfg = Release|Any CPU
		{D2206BF8-E4ED-4FEF-A6E6-EAF7E91A9BFF}.Release|Any CPU.Build.0 = Release|Any CPU
	EndGlobalSection
	GlobalSection(SolutionProperties) = preSolution
		HideSolutionNode = FALSE
	EndGlobalSection
	GlobalSection(ExtensibilityGlobals) = postSolution
		SolutionGuid = {93FB9BE9-4EE4-41EB-9283-AEEAB3FEF296}
	EndGlobalSection
EndGlobal
